// !$*UTF8*$!
{
	archiveVersion = 1;
	classes = {
	};
	objectVersion = 56;
	objects = {

/* Begin PBXBuildFile section */
		722AD5702D6DFA5900E52646 /* To_Do_ListApp.swift in Sources */ = {isa = PBXBuildFile; fileRef = 722AD56F2D6DFA5900E52646 /* To_Do_ListApp.swift */; };
		722AD5722D6DFA5900E52646 /* ContentView.swift in Sources */ = {isa = PBXBuildFile; fileRef = 722AD5712D6DFA5900E52646 /* ContentView.swift */; };
		722AD5742D6DFA5A00E52646 /* Assets.xcassets in Resources */ = {isa = PBXBuildFile; fileRef = 722AD5732D6DFA5A00E52646 /* Assets.xcassets */; };
		722AD5772D6DFA5A00E52646 /* Preview Assets.xcassets in Resources */ = {isa = PBXBuildFile; fileRef = 722AD5762D6DFA5A00E52646 /* Preview Assets.xcassets */; };
		722AD5792D6DFA5A00E52646 /* Persistence.swift in Sources */ = {isa = PBXBuildFile; fileRef = 722AD5782D6DFA5A00E52646 /* Persistence.swift */; };
		722AD57C2D6DFA5A00E52646 /* To_Do_List.xcdatamodeld in Sources */ = {isa = PBXBuildFile; fileRef = 722AD57A2D6DFA5A00E52646 /* To_Do_List.xcdatamodeld */; };
		722AD5862D6DFA5A00E52646 /* To_Do_ListTests.swift in Sources */ = {isa = PBXBuildFile; fileRef = 722AD5852D6DFA5A00E52646 /* To_Do_ListTests.swift */; };
		722AD5902D6DFA5A00E52646 /* To_Do_ListUITests.swift in Sources */ = {isa = PBXBuildFile; fileRef = 722AD58F2D6DFA5A00E52646 /* To_Do_ListUITests.swift */; };
		722AD5922D6DFA5A00E52646 /* To_Do_ListUITestsLaunchTests.swift in Sources */ = {isa = PBXBuildFile; fileRef = 722AD5912D6DFA5A00E52646 /* To_Do_ListUITestsLaunchTests.swift */; };
		726D980D2D7050F700961332 /* Home.swift in Sources */ = {isa = PBXBuildFile; fileRef = 726D98072D7050F700961332 /* Home.swift */; };
		726D980E2D7050F700961332 /* HomeView.swift in Sources */ = {isa = PBXBuildFile; fileRef = 726D980A2D7050F700961332 /* HomeView.swift */; };
		726D980F2D7050F700961332 /* TaskView.swift in Sources */ = {isa = PBXBuildFile; fileRef = 726D980C2D7050F700961332 /* TaskView.swift */; };
		726D98132D706D9000961332 /* Add-EditView.swift in Sources */ = {isa = PBXBuildFile; fileRef = 726D98122D706D9000961332 /* Add-EditView.swift */; };
		72DD7EC62D719F0100366F0A /* CoreDataManager.swift in Sources */ = {isa = PBXBuildFile; fileRef = 72DD7EC52D719F0100366F0A /* CoreDataManager.swift */; };
/* End PBXBuildFile section */

/* Begin PBXContainerItemProxy section */
		722AD5822D6DFA5A00E52646 /* PBXContainerItemProxy */ = {
			isa = PBXContainerItemProxy;
			containerPortal = 722AD5642D6DFA5900E52646 /* Project object */;
			proxyType = 1;
			remoteGlobalIDString = 722AD56B2D6DFA5900E52646;
			remoteInfo = "To-Do-List";
		};
		722AD58C2D6DFA5A00E52646 /* PBXContainerItemProxy */ = {
			isa = PBXContainerItemProxy;
			containerPortal = 722AD5642D6DFA5900E52646 /* Project object */;
			proxyType = 1;
			remoteGlobalIDString = 722AD56B2D6DFA5900E52646;
			remoteInfo = "To-Do-List";
		};
/* End PBXContainerItemProxy section */

/* Begin PBXFileReference section */
		722AD56C2D6DFA5900E52646 /* To-Do-List.app */ = {isa = PBXFileReference; explicitFileType = wrapper.application; includeInIndex = 0; path = "To-Do-List.app"; sourceTree = BUILT_PRODUCTS_DIR; };
		722AD56F2D6DFA5900E52646 /* To_Do_ListApp.swift */ = {isa = PBXFileReference; lastKnownFileType = sourcecode.swift; path = To_Do_ListApp.swift; sourceTree = "<group>"; };
		722AD5712D6DFA5900E52646 /* ContentView.swift */ = {isa = PBXFileReference; lastKnownFileType = sourcecode.swift; path = ContentView.swift; sourceTree = "<group>"; };
		722AD5732D6DFA5A00E52646 /* Assets.xcassets */ = {isa = PBXFileReference; lastKnownFileType = folder.assetcatalog; path = Assets.xcassets; sourceTree = "<group>"; };
		722AD5762D6DFA5A00E52646 /* Preview Assets.xcassets */ = {isa = PBXFileReference; lastKnownFileType = folder.assetcatalog; path = "Preview Assets.xcassets"; sourceTree = "<group>"; };
		722AD5782D6DFA5A00E52646 /* Persistence.swift */ = {isa = PBXFileReference; lastKnownFileType = sourcecode.swift; path = Persistence.swift; sourceTree = "<group>"; };
		722AD57B2D6DFA5A00E52646 /* To_Do_List.xcdatamodel */ = {isa = PBXFileReference; lastKnownFileType = wrapper.xcdatamodel; path = To_Do_List.xcdatamodel; sourceTree = "<group>"; };
		722AD5812D6DFA5A00E52646 /* To-Do-ListTests.xctest */ = {isa = PBXFileReference; explicitFileType = wrapper.cfbundle; includeInIndex = 0; path = "To-Do-ListTests.xctest"; sourceTree = BUILT_PRODUCTS_DIR; };
		722AD5852D6DFA5A00E52646 /* To_Do_ListTests.swift */ = {isa = PBXFileReference; lastKnownFileType = sourcecode.swift; path = To_Do_ListTests.swift; sourceTree = "<group>"; };
		722AD58B2D6DFA5A00E52646 /* To-Do-ListUITests.xctest */ = {isa = PBXFileReference; explicitFileType = wrapper.cfbundle; includeInIndex = 0; path = "To-Do-ListUITests.xctest"; sourceTree = BUILT_PRODUCTS_DIR; };
		722AD58F2D6DFA5A00E52646 /* To_Do_ListUITests.swift */ = {isa = PBXFileReference; lastKnownFileType = sourcecode.swift; path = To_Do_ListUITests.swift; sourceTree = "<group>"; };
		722AD5912D6DFA5A00E52646 /* To_Do_ListUITestsLaunchTests.swift */ = {isa = PBXFileReference; lastKnownFileType = sourcecode.swift; path = To_Do_ListUITestsLaunchTests.swift; sourceTree = "<group>"; };
		726D98072D7050F700961332 /* Home.swift */ = {isa = PBXFileReference; fileEncoding = 4; lastKnownFileType = sourcecode.swift; path = Home.swift; sourceTree = "<group>"; };
		726D980A2D7050F700961332 /* HomeView.swift */ = {isa = PBXFileReference; fileEncoding = 4; lastKnownFileType = sourcecode.swift; path = HomeView.swift; sourceTree = "<group>"; };
		726D980C2D7050F700961332 /* TaskView.swift */ = {isa = PBXFileReference; fileEncoding = 4; lastKnownFileType = sourcecode.swift; path = TaskView.swift; sourceTree = "<group>"; };
		726D98122D706D9000961332 /* Add-EditView.swift */ = {isa = PBXFileReference; lastKnownFileType = sourcecode.swift; path = "Add-EditView.swift"; sourceTree = "<group>"; };
		726E36952D79BF9E000851EE /* Programs.playground */ = {isa = PBXFileReference; lastKnownFileType = file.playground; path = Programs.playground; sourceTree = "<group>"; xcLanguageSpecificationIdentifier = xcode.lang.swift; };
		72DD7EC52D719F0100366F0A /* CoreDataManager.swift */ = {isa = PBXFileReference; lastKnownFileType = sourcecode.swift; path = CoreDataManager.swift; sourceTree = "<group>"; };
/* End PBXFileReference section */

/* Begin PBXFrameworksBuildPhase section */
		722AD5692D6DFA5900E52646 /* Frameworks */ = {
			isa = PBXFrameworksBuildPhase;
			buildActionMask = 2147483647;
			files = (
			);
			runOnlyForDeploymentPostprocessing = 0;
		};
		722AD57E2D6DFA5A00E52646 /* Frameworks */ = {
			isa = PBXFrameworksBuildPhase;
			buildActionMask = 2147483647;
			files = (
			);
			runOnlyForDeploymentPostprocessing = 0;
		};
		722AD5882D6DFA5A00E52646 /* Frameworks */ = {
			isa = PBXFrameworksBuildPhase;
			buildActionMask = 2147483647;
			files = (
			);
			runOnlyForDeploymentPostprocessing = 0;
		};
/* End PBXFrameworksBuildPhase section */

/* Begin PBXGroup section */
		722AD5632D6DFA5900E52646 = {
			isa = PBXGroup;
			children = (
				722AD56E2D6DFA5900E52646 /* To-Do-List */,
				722AD5842D6DFA5A00E52646 /* To-Do-ListTests */,
				722AD58E2D6DFA5A00E52646 /* To-Do-ListUITests */,
				722AD56D2D6DFA5900E52646 /* Products */,
			);
			sourceTree = "<group>";
		};
		722AD56D2D6DFA5900E52646 /* Products */ = {
			isa = PBXGroup;
			children = (
				722AD56C2D6DFA5900E52646 /* To-Do-List.app */,
				722AD5812D6DFA5A00E52646 /* To-Do-ListTests.xctest */,
				722AD58B2D6DFA5A00E52646 /* To-Do-ListUITests.xctest */,
			);
			name = Products;
			sourceTree = "<group>";
		};
		722AD56E2D6DFA5900E52646 /* To-Do-List */ = {
			isa = PBXGroup;
			children = (
				722AD56F2D6DFA5900E52646 /* To_Do_ListApp.swift */,
				722AD5712D6DFA5900E52646 /* ContentView.swift */,
				722AD5732D6DFA5A00E52646 /* Assets.xcassets */,
				722AD5782D6DFA5A00E52646 /* Persistence.swift */,
				726D98042D7050F700961332 /* MVVM */,
				722AD57A2D6DFA5A00E52646 /* To_Do_List.xcdatamodeld */,
				722AD5752D6DFA5A00E52646 /* Preview Content */,
			);
			path = "To-Do-List";
			sourceTree = "<group>";
		};
		722AD5752D6DFA5A00E52646 /* Preview Content */ = {
			isa = PBXGroup;
			children = (
				722AD5762D6DFA5A00E52646 /* Preview Assets.xcassets */,
			);
			path = "Preview Content";
			sourceTree = "<group>";
		};
		722AD5842D6DFA5A00E52646 /* To-Do-ListTests */ = {
			isa = PBXGroup;
			children = (
				722AD5852D6DFA5A00E52646 /* To_Do_ListTests.swift */,
			);
			path = "To-Do-ListTests";
			sourceTree = "<group>";
		};
		722AD58E2D6DFA5A00E52646 /* To-Do-ListUITests */ = {
			isa = PBXGroup;
			children = (
				722AD58F2D6DFA5A00E52646 /* To_Do_ListUITests.swift */,
				722AD5912D6DFA5A00E52646 /* To_Do_ListUITestsLaunchTests.swift */,
			);
			path = "To-Do-ListUITests";
			sourceTree = "<group>";
		};
		726D98042D7050F700961332 /* MVVM */ = {
			isa = PBXGroup;
			children = (
				726E36952D79BF9E000851EE /* Programs.playground */,
				72DD7EC42D719ED600366F0A /* CoreManager */,
				726D98052D7050F700961332 /* ViewModel */,
				726D98062D7050F700961332 /* Model */,
				726D98082D7050F700961332 /* View */,
			);
			path = MVVM;
			sourceTree = "<group>";
		};
		726D98052D7050F700961332 /* ViewModel */ = {
			isa = PBXGroup;
			children = (
			);
			path = ViewModel;
			sourceTree = "<group>";
		};
		726D98062D7050F700961332 /* Model */ = {
			isa = PBXGroup;
			children = (
				726D98072D7050F700961332 /* Home.swift */,
			);
			path = Model;
			sourceTree = "<group>";
		};
		726D98082D7050F700961332 /* View */ = {
			isa = PBXGroup;
			children = (
				726D98112D706D6300961332 /* Add-Edit */,
				726D98092D7050F700961332 /* Home */,
				726D980B2D7050F700961332 /* Task */,
			);
			path = View;
			sourceTree = "<group>";
		};
		726D98092D7050F700961332 /* Home */ = {
			isa = PBXGroup;
			children = (
				726D980A2D7050F700961332 /* HomeView.swift */,
			);
			path = Home;
			sourceTree = "<group>";
		};
		726D980B2D7050F700961332 /* Task */ = {
			isa = PBXGroup;
			children = (
				726D980C2D7050F700961332 /* TaskView.swift */,
			);
			path = Task;
			sourceTree = "<group>";
		};
		726D98112D706D6300961332 /* Add-Edit */ = {
			isa = PBXGroup;
			children = (
				726D98122D706D9000961332 /* Add-EditView.swift */,
			);
			path = "Add-Edit";
			sourceTree = "<group>";
		};
		72DD7EC42D719ED600366F0A /* CoreManager */ = {
			isa = PBXGroup;
			children = (
				72DD7EC52D719F0100366F0A /* CoreDataManager.swift */,
			);
			path = CoreManager;
			sourceTree = "<group>";
		};
/* End PBXGroup section */

/* Begin PBXNativeTarget section */
		722AD56B2D6DFA5900E52646 /* To-Do-List */ = {
			isa = PBXNativeTarget;
			buildConfigurationList = 722AD5952D6DFA5A00E52646 /* Build configuration list for PBXNativeTarget "To-Do-List" */;
			buildPhases = (
				722AD5682D6DFA5900E52646 /* Sources */,
				722AD5692D6DFA5900E52646 /* Frameworks */,
				722AD56A2D6DFA5900E52646 /* Resources */,
			);
			buildRules = (
			);
			dependencies = (
			);
			name = "To-Do-List";
			productName = "To-Do-List";
			productReference = 722AD56C2D6DFA5900E52646 /* To-Do-List.app */;
			productType = "com.apple.product-type.application";
		};
		722AD5802D6DFA5A00E52646 /* To-Do-ListTests */ = {
			isa = PBXNativeTarget;
			buildConfigurationList = 722AD5982D6DFA5A00E52646 /* Build configuration list for PBXNativeTarget "To-Do-ListTests" */;
			buildPhases = (
				722AD57D2D6DFA5A00E52646 /* Sources */,
				722AD57E2D6DFA5A00E52646 /* Frameworks */,
				722AD57F2D6DFA5A00E52646 /* Resources */,
			);
			buildRules = (
			);
			dependencies = (
				722AD5832D6DFA5A00E52646 /* PBXTargetDependency */,
			);
			name = "To-Do-ListTests";
			productName = "To-Do-ListTests";
			productReference = 722AD5812D6DFA5A00E52646 /* To-Do-ListTests.xctest */;
			productType = "com.apple.product-type.bundle.unit-test";
		};
		722AD58A2D6DFA5A00E52646 /* To-Do-ListUITests */ = {
			isa = PBXNativeTarget;
			buildConfigurationList = 722AD59B2D6DFA5A00E52646 /* Build configuration list for PBXNativeTarget "To-Do-ListUITests" */;
			buildPhases = (
				722AD5872D6DFA5A00E52646 /* Sources */,
				722AD5882D6DFA5A00E52646 /* Frameworks */,
				722AD5892D6DFA5A00E52646 /* Resources */,
			);
			buildRules = (
			);
			dependencies = (
				722AD58D2D6DFA5A00E52646 /* PBXTargetDependency */,
			);
			name = "To-Do-ListUITests";
			productName = "To-Do-ListUITests";
			productReference = 722AD58B2D6DFA5A00E52646 /* To-Do-ListUITests.xctest */;
			productType = "com.apple.product-type.bundle.ui-testing";
		};
/* End PBXNativeTarget section */

/* Begin PBXProject section */
		722AD5642D6DFA5900E52646 /* Project object */ = {
			isa = PBXProject;
			attributes = {
				BuildIndependentTargetsInParallel = 1;
				LastSwiftUpdateCheck = 1500;
				LastUpgradeCheck = 1500;
				TargetAttributes = {
					722AD56B2D6DFA5900E52646 = {
						CreatedOnToolsVersion = 15.0.1;
					};
					722AD5802D6DFA5A00E52646 = {
						CreatedOnToolsVersion = 15.0.1;
						TestTargetID = 722AD56B2D6DFA5900E52646;
					};
					722AD58A2D6DFA5A00E52646 = {
						CreatedOnToolsVersion = 15.0.1;
						TestTargetID = 722AD56B2D6DFA5900E52646;
					};
				};
			};
			buildConfigurationList = 722AD5672D6DFA5900E52646 /* Build configuration list for PBXProject "To-Do-List" */;
			compatibilityVersion = "Xcode 14.0";
			developmentRegion = en;
			hasScannedForEncodings = 0;
			knownRegions = (
				en,
				Base,
			);
			mainGroup = 722AD5632D6DFA5900E52646;
			productRefGroup = 722AD56D2D6DFA5900E52646 /* Products */;
			projectDirPath = "";
			projectRoot = "";
			targets = (
				722AD56B2D6DFA5900E52646 /* To-Do-List */,
				722AD5802D6DFA5A00E52646 /* To-Do-ListTests */,
				722AD58A2D6DFA5A00E52646 /* To-Do-ListUITests */,
			);
		};
/* End PBXProject section */

/* Begin PBXResourcesBuildPhase section */
		722AD56A2D6DFA5900E52646 /* Resources */ = {
			isa = PBXResourcesBuildPhase;
			buildActionMask = 2147483647;
			files = (
				722AD5772D6DFA5A00E52646 /* Preview Assets.xcassets in Resources */,
				722AD5742D6DFA5A00E52646 /* Assets.xcassets in Resources */,
			);
			runOnlyForDeploymentPostprocessing = 0;
		};
		722AD57F2D6DFA5A00E52646 /* Resources */ = {
			isa = PBXResourcesBuildPhase;
			buildActionMask = 2147483647;
			files = (
			);
			runOnlyForDeploymentPostprocessing = 0;
		};
		722AD5892D6DFA5A00E52646 /* Resources */ = {
			isa = PBXResourcesBuildPhase;
			buildActionMask = 2147483647;
			files = (
			);
			runOnlyForDeploymentPostprocessing = 0;
		};
/* End PBXResourcesBuildPhase section */

/* Begin PBXSourcesBuildPhase section */
		722AD5682D6DFA5900E52646 /* Sources */ = {
			isa = PBXSourcesBuildPhase;
			buildActionMask = 2147483647;
			files = (
				722AD5792D6DFA5A00E52646 /* Persistence.swift in Sources */,
				726D980F2D7050F700961332 /* TaskView.swift in Sources */,
				722AD5722D6DFA5900E52646 /* ContentView.swift in Sources */,
				726D980D2D7050F700961332 /* Home.swift in Sources */,
				726D98132D706D9000961332 /* Add-EditView.swift in Sources */,
				726D980E2D7050F700961332 /* HomeView.swift in Sources */,
				72DD7EC62D719F0100366F0A /* CoreDataManager.swift in Sources */,
				722AD5702D6DFA5900E52646 /* To_Do_ListApp.swift in Sources */,
				722AD57C2D6DFA5A00E52646 /* To_Do_List.xcdatamodeld in Sources */,
			);
			runOnlyForDeploymentPostprocessing = 0;
		};
		722AD57D2D6DFA5A00E52646 /* Sources */ = {
			isa = PBXSourcesBuildPhase;
			buildActionMask = 2147483647;
			files = (
				722AD5862D6DFA5A00E52646 /* To_Do_ListTests.swift in Sources */,
			);
			runOnlyForDeploymentPostprocessing = 0;
		};
		722AD5872D6DFA5A00E52646 /* Sources */ = {
			isa = PBXSourcesBuildPhase;
			buildActionMask = 2147483647;
			files = (
				722AD5922D6DFA5A00E52646 /* To_Do_ListUITestsLaunchTests.swift in Sources */,
				722AD5902D6DFA5A00E52646 /* To_Do_ListUITests.swift in Sources */,
			);
			runOnlyForDeploymentPostprocessing = 0;
		};
/* End PBXSourcesBuildPhase section */

/* Begin PBXTargetDependency section */
		722AD5832D6DFA5A00E52646 /* PBXTargetDependency */ = {
			isa = PBXTargetDependency;
			target = 722AD56B2D6DFA5900E52646 /* To-Do-List */;
			targetProxy = 722AD5822D6DFA5A00E52646 /* PBXContainerItemProxy */;
		};
		722AD58D2D6DFA5A00E52646 /* PBXTargetDependency */ = {
			isa = PBXTargetDependency;
			target = 722AD56B2D6DFA5900E52646 /* To-Do-List */;
			targetProxy = 722AD58C2D6DFA5A00E52646 /* PBXContainerItemProxy */;
		};
/* End PBXTargetDependency section */

/* Begin XCBuildConfiguration section */
		722AD5932D6DFA5A00E52646 /* Debug */ = {
			isa = XCBuildConfiguration;
			buildSettings = {
				ALWAYS_SEARCH_USER_PATHS = NO;
				ASSETCATALOG_COMPILER_GENERATE_SWIFT_ASSET_SYMBOL_EXTENSIONS = YES;
				CLANG_ANALYZER_NONNULL = YES;
				CLANG_ANALYZER_NUMBER_OBJECT_CONVERSION = YES_AGGRESSIVE;
				CLANG_CXX_LANGUAGE_STANDARD = "gnu++20";
				CLANG_ENABLE_MODULES = YES;
				CLANG_ENABLE_OBJC_ARC = YES;
				CLANG_ENABLE_OBJC_WEAK = YES;
				CLANG_WARN_BLOCK_CAPTURE_AUTORELEASING = YES;
				CLANG_WARN_BOOL_CONVERSION = YES;
				CLANG_WARN_COMMA = YES;
				CLANG_WARN_CONSTANT_CONVERSION = YES;
				CLANG_WARN_DEPRECATED_OBJC_IMPLEMENTATIONS = YES;
				CLANG_WARN_DIRECT_OBJC_ISA_USAGE = YES_ERROR;
				CLANG_WARN_DOCUMENTATION_COMMENTS = YES;
				CLANG_WARN_EMPTY_BODY = YES;
				CLANG_WARN_ENUM_CONVERSION = YES;
				CLANG_WARN_INFINITE_RECURSION = YES;
				CLANG_WARN_INT_CONVERSION = YES;
				CLANG_WARN_NON_LITERAL_NULL_CONVERSION = YES;
				CLANG_WARN_OBJC_IMPLICIT_RETAIN_SELF = YES;
				CLANG_WARN_OBJC_LITERAL_CONVERSION = YES;
				CLANG_WARN_OBJC_ROOT_CLASS = YES_ERROR;
				CLANG_WARN_QUOTED_INCLUDE_IN_FRAMEWORK_HEADER = YES;
				CLANG_WARN_RANGE_LOOP_ANALYSIS = YES;
				CLANG_WARN_STRICT_PROTOTYPES = YES;
				CLANG_WARN_SUSPICIOUS_MOVE = YES;
				CLANG_WARN_UNGUARDED_AVAILABILITY = YES_AGGRESSIVE;
				CLANG_WARN_UNREACHABLE_CODE = YES;
				CLANG_WARN__DUPLICATE_METHOD_MATCH = YES;
				COPY_PHASE_STRIP = NO;
				DEBUG_INFORMATION_FORMAT = dwarf;
				ENABLE_STRICT_OBJC_MSGSEND = YES;
				ENABLE_TESTABILITY = YES;
				ENABLE_USER_SCRIPT_SANDBOXING = YES;
				GCC_C_LANGUAGE_STANDARD = gnu17;
				GCC_DYNAMIC_NO_PIC = NO;
				GCC_NO_COMMON_BLOCKS = YES;
				GCC_OPTIMIZATION_LEVEL = 0;
				GCC_PREPROCESSOR_DEFINITIONS = (
					"DEBUG=1",
					"$(inherited)",
				);
				GCC_WARN_64_TO_32_BIT_CONVERSION = YES;
				GCC_WARN_ABOUT_RETURN_TYPE = YES_ERROR;
				GCC_WARN_UNDECLARED_SELECTOR = YES;
				GCC_WARN_UNINITIALIZED_AUTOS = YES_AGGRESSIVE;
				GCC_WARN_UNUSED_FUNCTION = YES;
				GCC_WARN_UNUSED_VARIABLE = YES;
				IPHONEOS_DEPLOYMENT_TARGET = 17.0;
				LOCALIZATION_PREFERS_STRING_CATALOGS = YES;
				MTL_ENABLE_DEBUG_INFO = INCLUDE_SOURCE;
				MTL_FAST_MATH = YES;
				ONLY_ACTIVE_ARCH = YES;
				SDKROOT = iphoneos;
				SWIFT_ACTIVE_COMPILATION_CONDITIONS = "DEBUG $(inherited)";
				SWIFT_OPTIMIZATION_LEVEL = "-Onone";
			};
			name = Debug;
		};
		722AD5942D6DFA5A00E52646 /* Release */ = {
			isa = XCBuildConfiguration;
			buildSettings = {
				ALWAYS_SEARCH_USER_PATHS = NO;
				ASSETCATALOG_COMPILER_GENERATE_SWIFT_ASSET_SYMBOL_EXTENSIONS = YES;
				CLANG_ANALYZER_NONNULL = YES;
				CLANG_ANALYZER_NUMBER_OBJECT_CONVERSION = YES_AGGRESSIVE;
				CLANG_CXX_LANGUAGE_STANDARD = "gnu++20";
				CLANG_ENABLE_MODULES = YES;
				CLANG_ENABLE_OBJC_ARC = YES;
				CLANG_ENABLE_OBJC_WEAK = YES;
				CLANG_WARN_BLOCK_CAPTURE_AUTORELEASING = YES;
				CLANG_WARN_BOOL_CONVERSION = YES;
				CLANG_WARN_COMMA = YES;
				CLANG_WARN_CONSTANT_CONVERSION = YES;
				CLANG_WARN_DEPRECATED_OBJC_IMPLEMENTATIONS = YES;
				CLANG_WARN_DIRECT_OBJC_ISA_USAGE = YES_ERROR;
				CLANG_WARN_DOCUMENTATION_COMMENTS = YES;
				CLANG_WARN_EMPTY_BODY = YES;
				CLANG_WARN_ENUM_CONVERSION = YES;
				CLANG_WARN_INFINITE_RECURSION = YES;
				CLANG_WARN_INT_CONVERSION = YES;
				CLANG_WARN_NON_LITERAL_NULL_CONVERSION = YES;
				CLANG_WARN_OBJC_IMPLICIT_RETAIN_SELF = YES;
				CLANG_WARN_OBJC_LITERAL_CONVERSION = YES;
				CLANG_WARN_OBJC_ROOT_CLASS = YES_ERROR;
				CLANG_WARN_QUOTED_INCLUDE_IN_FRAMEWORK_HEADER = YES;
				CLANG_WARN_RANGE_LOOP_ANALYSIS = YES;
				CLANG_WARN_STRICT_PROTOTYPES = YES;
				CLANG_WARN_SUSPICIOUS_MOVE = YES;
				CLANG_WARN_UNGUARDED_AVAILABILITY = YES_AGGRESSIVE;
				CLANG_WARN_UNREACHABLE_CODE = YES;
				CLANG_WARN__DUPLICATE_METHOD_MATCH = YES;
				COPY_PHASE_STRIP = NO;
				DEBUG_INFORMATION_FORMAT = "dwarf-with-dsym";
				ENABLE_NS_ASSERTIONS = NO;
				ENABLE_STRICT_OBJC_MSGSEND = YES;
				ENABLE_USER_SCRIPT_SANDBOXING = YES;
				GCC_C_LANGUAGE_STANDARD = gnu17;
				GCC_NO_COMMON_BLOCKS = YES;
				GCC_WARN_64_TO_32_BIT_CONVERSION = YES;
				GCC_WARN_ABOUT_RETURN_TYPE = YES_ERROR;
				GCC_WARN_UNDECLARED_SELECTOR = YES;
				GCC_WARN_UNINITIALIZED_AUTOS = YES_AGGRESSIVE;
				GCC_WARN_UNUSED_FUNCTION = YES;
				GCC_WARN_UNUSED_VARIABLE = YES;
				IPHONEOS_DEPLOYMENT_TARGET = 17.0;
				LOCALIZATION_PREFERS_STRING_CATALOGS = YES;
				MTL_ENABLE_DEBUG_INFO = NO;
				MTL_FAST_MATH = YES;
				SDKROOT = iphoneos;
				SWIFT_COMPILATION_MODE = wholemodule;
				VALIDATE_PRODUCT = YES;
			};
			name = Release;
		};
		722AD5962D6DFA5A00E52646 /* Debug */ = {
			isa = XCBuildConfiguration;
			buildSettings = {
				ASSETCATALOG_COMPILER_APPICON_NAME = AppIcon;
				ASSETCATALOG_COMPILER_GLOBAL_ACCENT_COLOR_NAME = AccentColor;
				CODE_SIGN_STYLE = Automatic;
				CURRENT_PROJECT_VERSION = 1;
				DEVELOPMENT_ASSET_PATHS = "\"To-Do-List/Preview Content\"";
				ENABLE_PREVIEWS = YES;
				GENERATE_INFOPLIST_FILE = YES;
				INFOPLIST_KEY_UIApplicationSceneManifest_Generation = YES;
				INFOPLIST_KEY_UIApplicationSupportsIndirectInputEvents = YES;
				INFOPLIST_KEY_UILaunchScreen_Generation = YES;
				INFOPLIST_KEY_UISupportedInterfaceOrientations_iPad = "UIInterfaceOrientationPortrait UIInterfaceOrientationPortraitUpsideDown UIInterfaceOrientationLandscapeLeft UIInterfaceOrientationLandscapeRight";
				INFOPLIST_KEY_UISupportedInterfaceOrientations_iPhone = "UIInterfaceOrientationPortrait UIInterfaceOrientationLandscapeLeft UIInterfaceOrientationLandscapeRight";
				LD_RUNPATH_SEARCH_PATHS = (
					"$(inherited)",
					"@executable_path/Frameworks",
				);
				MARKETING_VERSION = 1.0;
				PRODUCT_BUNDLE_IDENTIFIER = "com.programming.To-Do-List";
				PRODUCT_NAME = "$(TARGET_NAME)";
				SWIFT_EMIT_LOC_STRINGS = YES;
				SWIFT_VERSION = 5.0;
				TARGETED_DEVICE_FAMILY = "1,2";
			};
			name = Debug;
		};
		722AD5972D6DFA5A00E52646 /* Release */ = {
			isa = XCBuildConfiguration;
			buildSettings = {
				ASSETCATALOG_COMPILER_APPICON_NAME = AppIcon;
				ASSETCATALOG_COMPILER_GLOBAL_ACCENT_COLOR_NAME = AccentColor;
				CODE_SIGN_STYLE = Automatic;
				CURRENT_PROJECT_VERSION = 1;
				DEVELOPMENT_ASSET_PATHS = "\"To-Do-List/Preview Content\"";
				ENABLE_PREVIEWS = YES;
				GENERATE_INFOPLIST_FILE = YES;
				INFOPLIST_KEY_UIApplicationSceneManifest_Generation = YES;
				INFOPLIST_KEY_UIApplicationSupportsIndirectInputEvents = YES;
				INFOPLIST_KEY_UILaunchScreen_Generation = YES;
				INFOPLIST_KEY_UISupportedInterfaceOrientations_iPad = "UIInterfaceOrientationPortrait UIInterfaceOrientationPortraitUpsideDown UIInterfaceOrientationLandscapeLeft UIInterfaceOrientationLandscapeRight";
				INFOPLIST_KEY_UISupportedInterfaceOrientations_iPhone = "UIInterfaceOrientationPortrait UIInterfaceOrientationLandscapeLeft UIInterfaceOrientationLandscapeRight";
				LD_RUNPATH_SEARCH_PATHS = (
					"$(inherited)",
					"@executable_path/Frameworks",
				);
				MARKETING_VERSION = 1.0;
				PRODUCT_BUNDLE_IDENTIFIER = "com.programming.To-Do-List";
				PRODUCT_NAME = "$(TARGET_NAME)";
				SWIFT_EMIT_LOC_STRINGS = YES;
				SWIFT_VERSION = 5.0;
				TARGETED_DEVICE_FAMILY = "1,2";
			};
			name = Release;
		};
		722AD5992D6DFA5A00E52646 /* Debug */ = {
			isa = XCBuildConfiguration;
			buildSettings = {
				ALWAYS_EMBED_SWIFT_STANDARD_LIBRARIES = YES;
				BUNDLE_LOADER = "$(TEST_HOST)";
				CODE_SIGN_STYLE = Automatic;
				CURRENT_PROJECT_VERSION = 1;
				GENERATE_INFOPLIST_FILE = YES;
				IPHONEOS_DEPLOYMENT_TARGET = 17.0;
				MARKETING_VERSION = 1.0;
				PRODUCT_BUNDLE_IDENTIFIER = "com.programming.To-Do-ListTests";
				PRODUCT_NAME = "$(TARGET_NAME)";
				SWIFT_EMIT_LOC_STRINGS = NO;
				SWIFT_VERSION = 5.0;
				TARGETED_DEVICE_FAMILY = "1,2";
				TEST_HOST = "$(BUILT_PRODUCTS_DIR)/To-Do-List.app/$(BUNDLE_EXECUTABLE_FOLDER_PATH)/To-Do-List";
			};
			name = Debug;
		};
		722AD59A2D6DFA5A00E52646 /* Release */ = {
			isa = XCBuildConfiguration;
			buildSettings = {
				ALWAYS_EMBED_SWIFT_STANDARD_LIBRARIES = YES;
				BUNDLE_LOADER = "$(TEST_HOST)";
				CODE_SIGN_STYLE = Automatic;
				CURRENT_PROJECT_VERSION = 1;
				GENERATE_INFOPLIST_FILE = YES;
				IPHONEOS_DEPLOYMENT_TARGET = 17.0;
				MARKETING_VERSION = 1.0;
				PRODUCT_BUNDLE_IDENTIFIER = "com.programming.To-Do-ListTests";
				PRODUCT_NAME = "$(TARGET_NAME)";
				SWIFT_EMIT_LOC_STRINGS = NO;
				SWIFT_VERSION = 5.0;
				TARGETED_DEVICE_FAMILY = "1,2";
				TEST_HOST = "$(BUILT_PRODUCTS_DIR)/To-Do-List.app/$(BUNDLE_EXECUTABLE_FOLDER_PATH)/To-Do-List";
			};
			name = Release;
		};
		722AD59C2D6DFA5A00E52646 /* Debug */ = {
			isa = XCBuildConfiguration;
			buildSettings = {
				ALWAYS_EMBED_SWIFT_STANDARD_LIBRARIES = YES;
				CODE_SIGN_STYLE = Automatic;
				CURRENT_PROJECT_VERSION = 1;
				GENERATE_INFOPLIST_FILE = YES;
				MARKETING_VERSION = 1.0;
				PRODUCT_BUNDLE_IDENTIFIER = "com.programming.To-Do-ListUITests";
				PRODUCT_NAME = "$(TARGET_NAME)";
				SWIFT_EMIT_LOC_STRINGS = NO;
				SWIFT_VERSION = 5.0;
				TARGETED_DEVICE_FAMILY = "1,2";
				TEST_TARGET_NAME = "To-Do-List";
			};
			name = Debug;
		};
		722AD59D2D6DFA5A00E52646 /* Release */ = {
			isa = XCBuildConfiguration;
			buildSettings = {
				ALWAYS_EMBED_SWIFT_STANDARD_LIBRARIES = YES;
				CODE_SIGN_STYLE = Automatic;
				CURRENT_PROJECT_VERSION = 1;
				GENERATE_INFOPLIST_FILE = YES;
				MARKETING_VERSION = 1.0;
				PRODUCT_BUNDLE_IDENTIFIER = "com.programming.To-Do-ListUITests";
				PRODUCT_NAME = "$(TARGET_NAME)";
				SWIFT_EMIT_LOC_STRINGS = NO;
				SWIFT_VERSION = 5.0;
				TARGETED_DEVICE_FAMILY = "1,2";
				TEST_TARGET_NAME = "To-Do-List";
			};
			name = Release;
		};
/* End XCBuildConfiguration section */

/* Begin XCConfigurationList section */
		722AD5672D6DFA5900E52646 /* Build configuration list for PBXProject "To-Do-List" */ = {
			isa = XCConfigurationList;
			buildConfigurations = (
				722AD5932D6DFA5A00E52646 /* Debug */,
				722AD5942D6DFA5A00E52646 /* Release */,
			);
			defaultConfigurationIsVisible = 0;
			defaultConfigurationName = Release;
		};
		722AD5952D6DFA5A00E52646 /* Build configuration list for PBXNativeTarget "To-Do-List" */ = {
			isa = XCConfigurationList;
			buildConfigurations = (
				722AD5962D6DFA5A00E52646 /* Debug */,
				722AD5972D6DFA5A00E52646 /* Release */,
			);
			defaultConfigurationIsVisible = 0;
			defaultConfigurationName = Release;
		};
		722AD5982D6DFA5A00E52646 /* Build configuration list for PBXNativeTarget "To-Do-ListTests" */ = {
			isa = XCConfigurationList;
			buildConfigurations = (
				722AD5992D6DFA5A00E52646 /* Debug */,
				722AD59A2D6DFA5A00E52646 /* Release */,
			);
			defaultConfigurationIsVisible = 0;
			defaultConfigurationName = Release;
		};
		722AD59B2D6DFA5A00E52646 /* Build configuration list for PBXNativeTarget "To-Do-ListUITests" */ = {
			isa = XCConfigurationList;
			buildConfigurations = (
				722AD59C2D6DFA5A00E52646 /* Debug */,
				722AD59D2D6DFA5A00E52646 /* Release */,
			);
			defaultConfigurationIsVisible = 0;
			defaultConfigurationName = Release;
		};
/* End XCConfigurationList section */

/* Begin XCVersionGroup section */
		722AD57A2D6DFA5A00E52646 /* To_Do_List.xcdatamodeld */ = {
			isa = XCVersionGroup;
			children = (
				722AD57B2D6DFA5A00E52646 /* To_Do_List.xcdatamodel */,
			);
			currentVersion = 722AD57B2D6DFA5A00E52646 /* To_Do_List.xcdatamodel */;
			path = To_Do_List.xcdatamodeld;
			sourceTree = "<group>";
			versionGroupType = wrapper.xcdatamodel;
		};
/* End XCVersionGroup section */
	};
	rootObject = 722AD5642D6DFA5900E52646 /* Project object */;
}
